
Microsoft Visual Studio Solution File, Format Version 12.00
# Visual Studio 15
VisualStudioVersion = 15.0.28307.329
MinimumVisualStudioVersion = 10.0.40219.1
Project("{9A19103F-16F7-4668-BE54-9A1E7A4F7556}") = "kuvuBot", "kuvuBot\kuvuBot.csproj", "{AF1E2DC7-A38D-4F83-8C96-918B2CE30579}"
EndProject
Project("{2150E333-8FDC-42A3-9474-1A3956D46DE8}") = "Solution Items", "Solution Items", "{C09894E3-B0F3-41BB-BABD-5A6D86385E06}"
	ProjectSection(SolutionItems) = preProject
		.gitattributes = .gitattributes
		.gitignore = .gitignore
	EndProjectSection
EndProject
Project("{9A19103F-16F7-4668-BE54-9A1E7A4F7556}") = "OpenWeatherAPI", "OpenWeatherAPI\OpenWeatherAPI.csproj", "{A91DFDD0-89CE-4A32-AB24-CFB38942F401}"
EndProject
Project("{9A19103F-16F7-4668-BE54-9A1E7A4F7556}") = "kuvuBot.Panel", "kuvuBot.Panel\kuvuBot.Panel.csproj", "{2D0FA3EA-211E-4E1C-B906-2E9B555D1A94}"
EndProject
Project("{FAE04EC0-301F-11D3-BF4B-00C04F79EFBC}") = "kuvuBot.Migration", "kuvuBot.Migration\kuvuBot.Migration.csproj", "{2360CA55-FB37-41F3-89D4-08CFAEC66582}"
EndProject
Project("{9092AA53-FB77-4645-B42D-1CCCA6BD08BD}") = "kuvuBot.Migration.JS", "kuvuBot.Migration\kuvuBot.Migration.JS\kuvuBot.Migration.JS.njsproj", "{C115690E-CF27-40AE-9D44-48856E37C508}"
EndProject
Project("{FAE04EC0-301F-11D3-BF4B-00C04F79EFBC}") = "BadoszApiModule", "BadoszApiModule\BadoszApiModule.csproj", "{B7B20EB2-797E-4F7F-A762-2F779DE7F81A}"
EndProject
Global
	GlobalSection(SolutionConfigurationPlatforms) = preSolution
		Debug|Any CPU = Debug|Any CPU
		Release|Any CPU = Release|Any CPU
	EndGlobalSection
	GlobalSection(ProjectConfigurationPlatforms) = postSolution
		{AF1E2DC7-A38D-4F83-8C96-918B2CE30579}.Debug|Any CPU.ActiveCfg = Debug|Any CPU
		{AF1E2DC7-A38D-4F83-8C96-918B2CE30579}.Debug|Any CPU.Build.0 = Debug|Any CPU
		{AF1E2DC7-A38D-4F83-8C96-918B2CE30579}.Release|Any CPU.ActiveCfg = Release|Any CPU
		{AF1E2DC7-A38D-4F83-8C96-918B2CE30579}.Release|Any CPU.Build.0 = Release|Any CPU
		{A91DFDD0-89CE-4A32-AB24-CFB38942F401}.Debug|Any CPU.ActiveCfg = Debug|Any CPU
		{A91DFDD0-89CE-4A32-AB24-CFB38942F401}.Debug|Any CPU.Build.0 = Debug|Any CPU
		{A91DFDD0-89CE-4A32-AB24-CFB38942F401}.Release|Any CPU.ActiveCfg = Release|Any CPU
		{A91DFDD0-89CE-4A32-AB24-CFB38942F401}.Release|Any CPU.Build.0 = Release|Any CPU
		{2D0FA3EA-211E-4E1C-B906-2E9B555D1A94}.Debug|Any CPU.ActiveCfg = Debug|Any CPU
		{2D0FA3EA-211E-4E1C-B906-2E9B555D1A94}.Debug|Any CPU.Build.0 = Debug|Any CPU
		{2D0FA3EA-211E-4E1C-B906-2E9B555D1A94}.Release|Any CPU.ActiveCfg = Release|Any CPU
		{2D0FA3EA-211E-4E1C-B906-2E9B555D1A94}.Release|Any CPU.Build.0 = Release|Any CPU
		{2360CA55-FB37-41F3-89D4-08CFAEC66582}.Debug|Any CPU.ActiveCfg = Debug|Any CPU
		{2360CA55-FB37-41F3-89D4-08CFAEC66582}.Debug|Any CPU.Build.0 = Debug|Any CPU
		{2360CA55-FB37-41F3-89D4-08CFAEC66582}.Release|Any CPU.ActiveCfg = Release|Any CPU
		{2360CA55-FB37-41F3-89D4-08CFAEC66582}.Release|Any CPU.Build.0 = Release|Any CPU
		{C115690E-CF27-40AE-9D44-48856E37C508}.Debug|Any CPU.ActiveCfg = Debug|Any CPU
		{C115690E-CF27-40AE-9D44-48856E37C508}.Debug|Any CPU.Build.0 = Debug|Any CPU
		{C115690E-CF27-40AE-9D44-48856E37C508}.Release|Any CPU.ActiveCfg = Release|Any CPU
		{C115690E-CF27-40AE-9D44-48856E37C508}.Release|Any CPU.Build.0 = Release|Any CPU
		{B7B20EB2-797E-4F7F-A762-2F779DE7F81A}.Debug|Any CPU.ActiveCfg = Debug|Any CPU
		{B7B20EB2-797E-4F7F-A762-2F779DE7F81A}.Debug|Any CPU.Build.0 = Debug|Any CPU
		{B7B20EB2-797E-4F7F-A762-2F779DE7F81A}.Release|Any CPU.ActiveCfg = Release|Any CPU
		{B7B20EB2-797E-4F7F-A762-2F779DE7F81A}.Release|Any CPU.Build.0 = Release|Any CPU
	EndGlobalSection
	GlobalSection(SolutionProperties) = preSolution
		HideSolutionNode = FALSE
	EndGlobalSection
	GlobalSection(ExtensibilityGlobals) = postSolution
		SolutionGuid = {C2335000-E3F3-4A37-B23E-90A385493260}
	EndGlobalSection
EndGlobal
