
Microsoft Visual Studio Solution File, Format Version 12.00
# Visual Studio Version 16
VisualStudioVersion = 16.0.28803.352
MinimumVisualStudioVersion = 10.0.40219.1
Project("{9A19103F-16F7-4668-BE54-9A1E7A4F7556}") = "kuvuBot", "kuvuBot\kuvuBot.csproj", "{AF1E2DC7-A38D-4F83-8C96-918B2CE30579}"
EndProject
Project("{2150E333-8FDC-42A3-9474-1A3956D46DE8}") = "Solution Items", "Solution Items", "{C09894E3-B0F3-41BB-BABD-5A6D86385E06}"
	ProjectSection(SolutionItems) = preProject
		.gitattributes = .gitattributes
		.gitignore = .gitignore
		nuget.config = nuget.config
		readme.md = readme.md
	EndProjectSection
EndProject
Project("{9A19103F-16F7-4668-BE54-9A1E7A4F7556}") = "kuvuBot.Panel", "kuvuBot.Panel\kuvuBot.Panel.csproj", "{2D0FA3EA-211E-4E1C-B906-2E9B555D1A94}"
EndProject
Project("{9A19103F-16F7-4668-BE54-9A1E7A4F7556}") = "BadoszApiModule", "BadoszApiModule\BadoszApiModule.csproj", "{B7B20EB2-797E-4F7F-A762-2F779DE7F81A}"
EndProject
Project("{FAE04EC0-301F-11D3-BF4B-00C04F79EFBC}") = "kuvuBot.Core", "kuvuBot.Core\kuvuBot.Core.csproj", "{54675A41-E92E-4BE1-B89A-4BA29B45214B}"
EndProject
Global
	GlobalSection(SolutionConfigurationPlatforms) = preSolution
		Debug|Any CPU = Debug|Any CPU
		Release|Any CPU = Release|Any CPU
	EndGlobalSection
	GlobalSection(ProjectConfigurationPlatforms) = postSolution
		{AF1E2DC7-A38D-4F83-8C96-918B2CE30579}.Debug|Any CPU.ActiveCfg = Debug|Any CPU
		{AF1E2DC7-A38D-4F83-8C96-918B2CE30579}.Debug|Any CPU.Build.0 = Debug|Any CPU
		{AF1E2DC7-A38D-4F83-8C96-918B2CE30579}.Release|Any CPU.ActiveCfg = Release|Any CPU
		{AF1E2DC7-A38D-4F83-8C96-918B2CE30579}.Release|Any CPU.Build.0 = Release|Any CPU
		{2D0FA3EA-211E-4E1C-B906-2E9B555D1A94}.Debug|Any CPU.ActiveCfg = Debug|Any CPU
		{2D0FA3EA-211E-4E1C-B906-2E9B555D1A94}.Debug|Any CPU.Build.0 = Debug|Any CPU
		{2D0FA3EA-211E-4E1C-B906-2E9B555D1A94}.Release|Any CPU.ActiveCfg = Release|Any CPU
		{2D0FA3EA-211E-4E1C-B906-2E9B555D1A94}.Release|Any CPU.Build.0 = Release|Any CPU
		{B7B20EB2-797E-4F7F-A762-2F779DE7F81A}.Debug|Any CPU.ActiveCfg = Debug|Any CPU
		{B7B20EB2-797E-4F7F-A762-2F779DE7F81A}.Debug|Any CPU.Build.0 = Debug|Any CPU
		{B7B20EB2-797E-4F7F-A762-2F779DE7F81A}.Release|Any CPU.ActiveCfg = Release|Any CPU
		{B7B20EB2-797E-4F7F-A762-2F779DE7F81A}.Release|Any CPU.Build.0 = Release|Any CPU
		{54675A41-E92E-4BE1-B89A-4BA29B45214B}.Debug|Any CPU.ActiveCfg = Debug|Any CPU
		{54675A41-E92E-4BE1-B89A-4BA29B45214B}.Debug|Any CPU.Build.0 = Debug|Any CPU
		{54675A41-E92E-4BE1-B89A-4BA29B45214B}.Release|Any CPU.ActiveCfg = Release|Any CPU
		{54675A41-E92E-4BE1-B89A-4BA29B45214B}.Release|Any CPU.Build.0 = Release|Any CPU
	EndGlobalSection
	GlobalSection(SolutionProperties) = preSolution
		HideSolutionNode = FALSE
	EndGlobalSection
	GlobalSection(ExtensibilityGlobals) = postSolution
		SolutionGuid = {C2335000-E3F3-4A37-B23E-90A385493260}
	EndGlobalSection
EndGlobal
