{
  "name": "kuvu-bot.migration.js",
  "version": "0.0.0",
  "lockfileVersion": 1,
  "requires": true,
  "dependencies": {
    "@types/node": {
      "version": "8.10.39",
      "resolved": "https://registry.npmjs.org/@types/node/-/node-8.10.39.tgz",
      "integrity": "sha512-rE7fktr02J8ybFf6eysife+WF+L4sAHWzw09DgdCebEu+qDwMvv4zl6Bc+825ttGZP73kCKxa3dhJOoGJ8+5mA==",
      "dev": true
    },
    "@types/rethinkdb": {
      "version": "2.3.14",
      "resolved": "https://registry.npmjs.org/@types/rethinkdb/-/rethinkdb-2.3.14.tgz",
      "integrity": "sha512-AxzeCg5cIgi8Jv4SzlFnQFottaM+NFlwtBZAEEqccbKAOBdayt/dsTevkVSPU7OjA01p0j6XtjrMVCCX+0QjRA==",
      "dev": true,
      "requires": {
        "@types/node": "*"
      }
    },
    "bluebird": {
      "version": "2.11.0",
      "resolved": "https://registry.npmjs.org/bluebird/-/bluebird-2.11.0.tgz",
      "integrity": "sha1-U0uQM8AiyVecVro7Plpcqvu2UOE="
    },
    "rethinkdb": {
      "version": "2.3.3",
      "resolved": "https://registry.npmjs.org/rethinkdb/-/rethinkdb-2.3.3.tgz",
      "integrity": "sha1-PcZYbiL6HavuDSVOZL0ON5+tL3I=",
      "requires": {
        "bluebird": ">= 2.3.2 < 3"
      }
    }
  }
}
